
Microsoft Visual Studio Solution File, Format Version 12.00
# Visual Studio Version 17
VisualStudioVersion = 17.5.002.0
MinimumVisualStudioVersion = 10.0.40219.1
Project("{9A19103F-16F7-4668-BE54-9A1E7A4F7556}") = "Day 04", "Day 04.csproj", "{A8BC1763-0BF6-4FEB-B37C-F9DDD9D1BB09}"
EndProject
Global
	GlobalSection(SolutionConfigurationPlatforms) = preSolution
		Debug|Any CPU = Debug|Any CPU
		Release|Any CPU = Release|Any CPU
	EndGlobalSection
	GlobalSection(ProjectConfigurationPlatforms) = postSolution
		{A8BC1763-0BF6-4FEB-B37C-F9DDD9D1BB09}.Debug|Any CPU.ActiveCfg = Debug|Any CPU
		{A8BC1763-0BF6-4FEB-B37C-F9DDD9D1BB09}.Debug|Any CPU.Build.0 = Debug|Any CPU
		{A8BC1763-0BF6-4FEB-B37C-F9DDD9D1BB09}.Release|Any CPU.ActiveCfg = Release|Any CPU
		{A8BC1763-0BF6-4FEB-B37C-F9DDD9D1BB09}.Release|Any CPU.Build.0 = Release|Any CPU
	EndGlobalSection
	GlobalSection(SolutionProperties) = preSolution
		HideSolutionNode = FALSE
	EndGlobalSection
	GlobalSection(ExtensibilityGlobals) = postSolution
		SolutionGuid = {E9C696DE-0BAF-4779-AB80-5C4D110A6561}
	EndGlobalSection
EndGlobal
